// !$*UTF8*$!
{
	archiveVersion = 1;
	classes = {
	};
	objectVersion = 56;
	objects = {

/* Begin PBXBuildFile section */
		55BD66C92AF977DD006F5AE1 /* JWTDecode in Frameworks */ = {isa = PBXBuildFile; productRef = 55BD66C82AF977DD006F5AE1 /* JWTDecode */; };
		55BD66CB2AF97DAC006F5AE1 /* JwtToken.swift in Sources */ = {isa = PBXBuildFile; fileRef = 55BD66CA2AF97DAC006F5AE1 /* JwtToken.swift */; };
		55BD66CF2AFAA458006F5AE1 /* ProjectUploadViewModel.swift in Sources */ = {isa = PBXBuildFile; fileRef = 55BD66CE2AFAA458006F5AE1 /* ProjectUploadViewModel.swift */; };
		55BD66D12AFCF9D9006F5AE1 /* CreateProjectDTO.swift in Sources */ = {isa = PBXBuildFile; fileRef = 55BD66D02AFCF9D9006F5AE1 /* CreateProjectDTO.swift */; };
		55BD66D32AFD2731006F5AE1 /* ProjectsViewModel.swift in Sources */ = {isa = PBXBuildFile; fileRef = 55BD66D22AFD2731006F5AE1 /* ProjectsViewModel.swift */; };
		55BD66D52AFD2868006F5AE1 /* ExploreViewModel.swift in Sources */ = {isa = PBXBuildFile; fileRef = 55BD66D42AFD2868006F5AE1 /* ExploreViewModel.swift */; };
		55BD66D72AFE3F66006F5AE1 /* DetailComponentType.swift in Sources */ = {isa = PBXBuildFile; fileRef = 55BD66D62AFE3F66006F5AE1 /* DetailComponentType.swift */; };
		55BD66DC2AFE5313006F5AE1 /* FundView.swift in Sources */ = {isa = PBXBuildFile; fileRef = 55BD66DB2AFE5313006F5AE1 /* FundView.swift */; };
		55BD66DF2AFE71E8006F5AE1 /* ProjectDetailViewModel.swift in Sources */ = {isa = PBXBuildFile; fileRef = 55BD66DE2AFE71E8006F5AE1 /* ProjectDetailViewModel.swift */; };
		55BD66E42AFE85FA006F5AE1 /* AdminView.swift in Sources */ = {isa = PBXBuildFile; fileRef = 55BD66E32AFE85FA006F5AE1 /* AdminView.swift */; };
		55BD66E62AFE86E3006F5AE1 /* CreateUserDTO.swift in Sources */ = {isa = PBXBuildFile; fileRef = 55BD66E52AFE86E3006F5AE1 /* CreateUserDTO.swift */; };
		55BD66EA2AFEC3D3006F5AE1 /* AdminViewModel.swift in Sources */ = {isa = PBXBuildFile; fileRef = 55BD66E92AFEC3D3006F5AE1 /* AdminViewModel.swift */; };
		55BD66F72B02375B006F5AE1 /* Localizable.xcstrings in Resources */ = {isa = PBXBuildFile; fileRef = 55BD66F62B02375B006F5AE1 /* Localizable.xcstrings */; };
		55BD66FB2B0390A3006F5AE1 /* ProfileViewModel.swift in Sources */ = {isa = PBXBuildFile; fileRef = 55BD66FA2B0390A3006F5AE1 /* ProfileViewModel.swift */; };
		55BD66FF2B03A692006F5AE1 /* ProfilePictureUpdateView.swift in Sources */ = {isa = PBXBuildFile; fileRef = 55BD66FE2B03A692006F5AE1 /* ProfilePictureUpdateView.swift */; };
		55BD67012B03BFE8006F5AE1 /* AdminProjectThumbnailView.swift in Sources */ = {isa = PBXBuildFile; fileRef = 55BD67002B03BFE8006F5AE1 /* AdminProjectThumbnailView.swift */; };
		55C26A882AD561D600F6E99F /* FundsterApp.swift in Sources */ = {isa = PBXBuildFile; fileRef = 55C26A872AD561D600F6E99F /* FundsterApp.swift */; };
		55C26A8A2AD561D600F6E99F /* ContentView.swift in Sources */ = {isa = PBXBuildFile; fileRef = 55C26A892AD561D600F6E99F /* ContentView.swift */; };
		55C26A8C2AD561D900F6E99F /* Assets.xcassets in Resources */ = {isa = PBXBuildFile; fileRef = 55C26A8B2AD561D900F6E99F /* Assets.xcassets */; };
		55C26A8F2AD561D900F6E99F /* Preview Assets.xcassets in Resources */ = {isa = PBXBuildFile; fileRef = 55C26A8E2AD561D900F6E99F /* Preview Assets.xcassets */; };
		55C26A992AD5660A00F6E99F /* LoginView.swift in Sources */ = {isa = PBXBuildFile; fileRef = 55C26A982AD5660A00F6E99F /* LoginView.swift */; };
		55C26A9C2AD5674300F6E99F /* CustomTextField.swift in Sources */ = {isa = PBXBuildFile; fileRef = 55C26A9B2AD5674300F6E99F /* CustomTextField.swift */; };
		55C26A9E2AD5928600F6E99F /* SignUpView.swift in Sources */ = {isa = PBXBuildFile; fileRef = 55C26A9D2AD5928600F6E99F /* SignUpView.swift */; };
		55C502212AD59C85003F5CC4 /* BottomNavigationView.swift in Sources */ = {isa = PBXBuildFile; fileRef = 55C502202AD59C85003F5CC4 /* BottomNavigationView.swift */; };
		55C502262AD59D46003F5CC4 /* ProfileView.swift in Sources */ = {isa = PBXBuildFile; fileRef = 55C502252AD59D46003F5CC4 /* ProfileView.swift */; };
		55C5022B2AD59D7E003F5CC4 /* CreateProjectView.swift in Sources */ = {isa = PBXBuildFile; fileRef = 55C5022A2AD59D7E003F5CC4 /* CreateProjectView.swift */; };
		55C5022F2AD59DA9003F5CC4 /* FavouriteView.swift in Sources */ = {isa = PBXBuildFile; fileRef = 55C5022E2AD59DA9003F5CC4 /* FavouriteView.swift */; };
		55C502312AD59DD4003F5CC4 /* ExploreView.swift in Sources */ = {isa = PBXBuildFile; fileRef = 55C502302AD59DD4003F5CC4 /* ExploreView.swift */; };
		55C502332AD68E98003F5CC4 /* CustomSearch.swift in Sources */ = {isa = PBXBuildFile; fileRef = 55C502322AD68E98003F5CC4 /* CustomSearch.swift */; };
		55C502352AD6A5CF003F5CC4 /* ProjectThumbnailView.swift in Sources */ = {isa = PBXBuildFile; fileRef = 55C502342AD6A5CF003F5CC4 /* ProjectThumbnailView.swift */; };
		55C502372AD6B58A003F5CC4 /* ProgressBar.swift in Sources */ = {isa = PBXBuildFile; fileRef = 55C502362AD6B58A003F5CC4 /* ProgressBar.swift */; };
		55C5023B2AD6C870003F5CC4 /* ProjectDetailsView.swift in Sources */ = {isa = PBXBuildFile; fileRef = 55C5023A2AD6C870003F5CC4 /* ProjectDetailsView.swift */; };
		55C5023D2AE13C6D003F5CC4 /* CustomDetailComponent.swift in Sources */ = {isa = PBXBuildFile; fileRef = 55C5023C2AE13C6D003F5CC4 /* CustomDetailComponent.swift */; };
		55C5023F2AE14208003F5CC4 /* CustomFavouriteButton.swift in Sources */ = {isa = PBXBuildFile; fileRef = 55C5023E2AE14208003F5CC4 /* CustomFavouriteButton.swift */; };
		55F838072AF00A9300E77DB1 /* AuthViewModel.swift in Sources */ = {isa = PBXBuildFile; fileRef = 55F838062AF00A9300E77DB1 /* AuthViewModel.swift */; };
		55F8380A2AF00AB300E77DB1 /* UserService.swift in Sources */ = {isa = PBXBuildFile; fileRef = 55F838092AF00AB300E77DB1 /* UserService.swift */; };
		55F8380D2AF00B4700E77DB1 /* User.swift in Sources */ = {isa = PBXBuildFile; fileRef = 55F8380C2AF00B4700E77DB1 /* User.swift */; };
		55F838102AF00D1800E77DB1 /* Role.swift in Sources */ = {isa = PBXBuildFile; fileRef = 55F8380F2AF00D1800E77DB1 /* Role.swift */; };
		55F838122AF00DA900E77DB1 /* Project.swift in Sources */ = {isa = PBXBuildFile; fileRef = 55F838112AF00DA900E77DB1 /* Project.swift */; };
		55F838142AF0107300E77DB1 /* ApiError.swift in Sources */ = {isa = PBXBuildFile; fileRef = 55F838132AF0107300E77DB1 /* ApiError.swift */; };
		55F838162AF01E8D00E77DB1 /* UserSessionManager.swift in Sources */ = {isa = PBXBuildFile; fileRef = 55F838152AF01E8D00E77DB1 /* UserSessionManager.swift */; };
		55F838182AF119F900E77DB1 /* ProjectService.swift in Sources */ = {isa = PBXBuildFile; fileRef = 55F838172AF119F900E77DB1 /* ProjectService.swift */; };
		55F8381A2AF2A54500E77DB1 /* ProjectsView.swift in Sources */ = {isa = PBXBuildFile; fileRef = 55F838192AF2A54500E77DB1 /* ProjectsView.swift */; };
		55F8381C2AF2A72D00E77DB1 /* ProjectCard.swift in Sources */ = {isa = PBXBuildFile; fileRef = 55F8381B2AF2A72D00E77DB1 /* ProjectCard.swift */; };
		55F838202AF3EBD200E77DB1 /* ImageUploader.swift in Sources */ = {isa = PBXBuildFile; fileRef = 55F8381F2AF3EBD200E77DB1 /* ImageUploader.swift */; };
		55F8382F2AF4008200E77DB1 /* GoogleService-Info.plist in Resources */ = {isa = PBXBuildFile; fileRef = 55F8382E2AF4008200E77DB1 /* GoogleService-Info.plist */; };
		55F838322AF405DE00E77DB1 /* FirebaseAnalytics in Frameworks */ = {isa = PBXBuildFile; productRef = 55F838312AF405DE00E77DB1 /* FirebaseAnalytics */; };
		55F838342AF405DE00E77DB1 /* FirebaseAnalyticsOnDeviceConversion in Frameworks */ = {isa = PBXBuildFile; productRef = 55F838332AF405DE00E77DB1 /* FirebaseAnalyticsOnDeviceConversion */; };
		55F838362AF405DE00E77DB1 /* FirebaseAnalyticsSwift in Frameworks */ = {isa = PBXBuildFile; productRef = 55F838352AF405DE00E77DB1 /* FirebaseAnalyticsSwift */; };
		55F838382AF405DE00E77DB1 /* FirebaseAnalyticsWithoutAdIdSupport in Frameworks */ = {isa = PBXBuildFile; productRef = 55F838372AF405DE00E77DB1 /* FirebaseAnalyticsWithoutAdIdSupport */; };
		55F8383A2AF405DE00E77DB1 /* FirebaseAppCheck in Frameworks */ = {isa = PBXBuildFile; productRef = 55F838392AF405DE00E77DB1 /* FirebaseAppCheck */; };
		55F8383C2AF405DE00E77DB1 /* FirebaseAppDistribution-Beta in Frameworks */ = {isa = PBXBuildFile; productRef = 55F8383B2AF405DE00E77DB1 /* FirebaseAppDistribution-Beta */; };
		55F8383E2AF405DE00E77DB1 /* FirebaseAuth in Frameworks */ = {isa = PBXBuildFile; productRef = 55F8383D2AF405DE00E77DB1 /* FirebaseAuth */; };
		55F838402AF405DE00E77DB1 /* FirebaseAuthCombine-Community in Frameworks */ = {isa = PBXBuildFile; productRef = 55F8383F2AF405DE00E77DB1 /* FirebaseAuthCombine-Community */; };
		55F838422AF405DE00E77DB1 /* FirebaseCrashlytics in Frameworks */ = {isa = PBXBuildFile; productRef = 55F838412AF405DE00E77DB1 /* FirebaseCrashlytics */; };
		55F838442AF405DE00E77DB1 /* FirebaseDatabase in Frameworks */ = {isa = PBXBuildFile; productRef = 55F838432AF405DE00E77DB1 /* FirebaseDatabase */; };
		55F838462AF405DE00E77DB1 /* FirebaseDatabaseSwift in Frameworks */ = {isa = PBXBuildFile; productRef = 55F838452AF405DE00E77DB1 /* FirebaseDatabaseSwift */; };
		55F838482AF405DE00E77DB1 /* FirebaseDynamicLinks in Frameworks */ = {isa = PBXBuildFile; productRef = 55F838472AF405DE00E77DB1 /* FirebaseDynamicLinks */; };
		55F8384A2AF405DE00E77DB1 /* FirebaseFirestore in Frameworks */ = {isa = PBXBuildFile; productRef = 55F838492AF405DE00E77DB1 /* FirebaseFirestore */; };
		55F8384C2AF405DE00E77DB1 /* FirebaseFirestoreCombine-Community in Frameworks */ = {isa = PBXBuildFile; productRef = 55F8384B2AF405DE00E77DB1 /* FirebaseFirestoreCombine-Community */; };
		55F8384E2AF405DE00E77DB1 /* FirebaseFirestoreSwift in Frameworks */ = {isa = PBXBuildFile; productRef = 55F8384D2AF405DE00E77DB1 /* FirebaseFirestoreSwift */; };
		55F838502AF405DE00E77DB1 /* FirebaseFunctions in Frameworks */ = {isa = PBXBuildFile; productRef = 55F8384F2AF405DE00E77DB1 /* FirebaseFunctions */; };
		55F838522AF405DE00E77DB1 /* FirebaseFunctionsCombine-Community in Frameworks */ = {isa = PBXBuildFile; productRef = 55F838512AF405DE00E77DB1 /* FirebaseFunctionsCombine-Community */; };
		55F838542AF405DE00E77DB1 /* FirebaseInAppMessaging-Beta in Frameworks */ = {isa = PBXBuildFile; productRef = 55F838532AF405DE00E77DB1 /* FirebaseInAppMessaging-Beta */; };
		55F838562AF405DE00E77DB1 /* FirebaseInAppMessagingSwift-Beta in Frameworks */ = {isa = PBXBuildFile; productRef = 55F838552AF405DE00E77DB1 /* FirebaseInAppMessagingSwift-Beta */; };
		55F838582AF405DE00E77DB1 /* FirebaseInstallations in Frameworks */ = {isa = PBXBuildFile; productRef = 55F838572AF405DE00E77DB1 /* FirebaseInstallations */; };
		55F8385A2AF405DE00E77DB1 /* FirebaseMLModelDownloader in Frameworks */ = {isa = PBXBuildFile; productRef = 55F838592AF405DE00E77DB1 /* FirebaseMLModelDownloader */; };
		55F8385C2AF405DE00E77DB1 /* FirebaseMessaging in Frameworks */ = {isa = PBXBuildFile; productRef = 55F8385B2AF405DE00E77DB1 /* FirebaseMessaging */; };
		55F8385E2AF405DE00E77DB1 /* FirebasePerformance in Frameworks */ = {isa = PBXBuildFile; productRef = 55F8385D2AF405DE00E77DB1 /* FirebasePerformance */; };
		55F838602AF405DE00E77DB1 /* FirebaseRemoteConfig in Frameworks */ = {isa = PBXBuildFile; productRef = 55F8385F2AF405DE00E77DB1 /* FirebaseRemoteConfig */; };
		55F838622AF405DE00E77DB1 /* FirebaseRemoteConfigSwift in Frameworks */ = {isa = PBXBuildFile; productRef = 55F838612AF405DE00E77DB1 /* FirebaseRemoteConfigSwift */; };
		55F838642AF405DE00E77DB1 /* FirebaseStorage in Frameworks */ = {isa = PBXBuildFile; productRef = 55F838632AF405DE00E77DB1 /* FirebaseStorage */; };
		55F838662AF405DE00E77DB1 /* FirebaseStorageCombine-Community in Frameworks */ = {isa = PBXBuildFile; productRef = 55F838652AF405DE00E77DB1 /* FirebaseStorageCombine-Community */; };
/* End PBXBuildFile section */

/* Begin PBXFileReference section */
		55BD66CA2AF97DAC006F5AE1 /* JwtToken.swift */ = {isa = PBXFileReference; lastKnownFileType = sourcecode.swift; path = JwtToken.swift; sourceTree = "<group>"; };
		55BD66CE2AFAA458006F5AE1 /* ProjectUploadViewModel.swift */ = {isa = PBXFileReference; lastKnownFileType = sourcecode.swift; path = ProjectUploadViewModel.swift; sourceTree = "<group>"; };
		55BD66D02AFCF9D9006F5AE1 /* CreateProjectDTO.swift */ = {isa = PBXFileReference; lastKnownFileType = sourcecode.swift; path = CreateProjectDTO.swift; sourceTree = "<group>"; };
		55BD66D22AFD2731006F5AE1 /* ProjectsViewModel.swift */ = {isa = PBXFileReference; lastKnownFileType = sourcecode.swift; path = ProjectsViewModel.swift; sourceTree = "<group>"; };
		55BD66D42AFD2868006F5AE1 /* ExploreViewModel.swift */ = {isa = PBXFileReference; lastKnownFileType = sourcecode.swift; path = ExploreViewModel.swift; sourceTree = "<group>"; };
		55BD66D62AFE3F66006F5AE1 /* DetailComponentType.swift */ = {isa = PBXFileReference; lastKnownFileType = sourcecode.swift; path = DetailComponentType.swift; sourceTree = "<group>"; };
		55BD66DB2AFE5313006F5AE1 /* FundView.swift */ = {isa = PBXFileReference; lastKnownFileType = sourcecode.swift; path = FundView.swift; sourceTree = "<group>"; };
		55BD66DE2AFE71E8006F5AE1 /* ProjectDetailViewModel.swift */ = {isa = PBXFileReference; lastKnownFileType = sourcecode.swift; path = ProjectDetailViewModel.swift; sourceTree = "<group>"; };
		55BD66E32AFE85FA006F5AE1 /* AdminView.swift */ = {isa = PBXFileReference; lastKnownFileType = sourcecode.swift; path = AdminView.swift; sourceTree = "<group>"; };
		55BD66E52AFE86E3006F5AE1 /* CreateUserDTO.swift */ = {isa = PBXFileReference; lastKnownFileType = sourcecode.swift; path = CreateUserDTO.swift; sourceTree = "<group>"; };
		55BD66E92AFEC3D3006F5AE1 /* AdminViewModel.swift */ = {isa = PBXFileReference; lastKnownFileType = sourcecode.swift; path = AdminViewModel.swift; sourceTree = "<group>"; };
		55BD66F62B02375B006F5AE1 /* Localizable.xcstrings */ = {isa = PBXFileReference; lastKnownFileType = text.json.xcstrings; path = Localizable.xcstrings; sourceTree = "<group>"; };
		55BD66FA2B0390A3006F5AE1 /* ProfileViewModel.swift */ = {isa = PBXFileReference; lastKnownFileType = sourcecode.swift; path = ProfileViewModel.swift; sourceTree = "<group>"; };
		55BD66FE2B03A692006F5AE1 /* ProfilePictureUpdateView.swift */ = {isa = PBXFileReference; lastKnownFileType = sourcecode.swift; path = ProfilePictureUpdateView.swift; sourceTree = "<group>"; };
		55BD67002B03BFE8006F5AE1 /* AdminProjectThumbnailView.swift */ = {isa = PBXFileReference; lastKnownFileType = sourcecode.swift; path = AdminProjectThumbnailView.swift; sourceTree = "<group>"; };
		55C26A842AD561D600F6E99F /* Fundster.app */ = {isa = PBXFileReference; explicitFileType = wrapper.application; includeInIndex = 0; path = Fundster.app; sourceTree = BUILT_PRODUCTS_DIR; };
		55C26A872AD561D600F6E99F /* FundsterApp.swift */ = {isa = PBXFileReference; lastKnownFileType = sourcecode.swift; path = FundsterApp.swift; sourceTree = "<group>"; };
		55C26A892AD561D600F6E99F /* ContentView.swift */ = {isa = PBXFileReference; lastKnownFileType = sourcecode.swift; path = ContentView.swift; sourceTree = "<group>"; };
		55C26A8B2AD561D900F6E99F /* Assets.xcassets */ = {isa = PBXFileReference; lastKnownFileType = folder.assetcatalog; path = Assets.xcassets; sourceTree = "<group>"; };
		55C26A8E2AD561D900F6E99F /* Preview Assets.xcassets */ = {isa = PBXFileReference; lastKnownFileType = folder.assetcatalog; path = "Preview Assets.xcassets"; sourceTree = "<group>"; };
		55C26A982AD5660A00F6E99F /* LoginView.swift */ = {isa = PBXFileReference; lastKnownFileType = sourcecode.swift; path = LoginView.swift; sourceTree = "<group>"; };
		55C26A9B2AD5674300F6E99F /* CustomTextField.swift */ = {isa = PBXFileReference; lastKnownFileType = sourcecode.swift; path = CustomTextField.swift; sourceTree = "<group>"; };
		55C26A9D2AD5928600F6E99F /* SignUpView.swift */ = {isa = PBXFileReference; lastKnownFileType = sourcecode.swift; path = SignUpView.swift; sourceTree = "<group>"; };
		55C502202AD59C85003F5CC4 /* BottomNavigationView.swift */ = {isa = PBXFileReference; lastKnownFileType = sourcecode.swift; path = BottomNavigationView.swift; sourceTree = "<group>"; };
		55C502252AD59D46003F5CC4 /* ProfileView.swift */ = {isa = PBXFileReference; lastKnownFileType = sourcecode.swift; path = ProfileView.swift; sourceTree = "<group>"; };
		55C5022A2AD59D7E003F5CC4 /* CreateProjectView.swift */ = {isa = PBXFileReference; lastKnownFileType = sourcecode.swift; path = CreateProjectView.swift; sourceTree = "<group>"; };
		55C5022E2AD59DA9003F5CC4 /* FavouriteView.swift */ = {isa = PBXFileReference; lastKnownFileType = sourcecode.swift; path = FavouriteView.swift; sourceTree = "<group>"; };
		55C502302AD59DD4003F5CC4 /* ExploreView.swift */ = {isa = PBXFileReference; lastKnownFileType = sourcecode.swift; path = ExploreView.swift; sourceTree = "<group>"; };
		55C502322AD68E98003F5CC4 /* CustomSearch.swift */ = {isa = PBXFileReference; lastKnownFileType = sourcecode.swift; path = CustomSearch.swift; sourceTree = "<group>"; };
		55C502342AD6A5CF003F5CC4 /* ProjectThumbnailView.swift */ = {isa = PBXFileReference; lastKnownFileType = sourcecode.swift; path = ProjectThumbnailView.swift; sourceTree = "<group>"; };
		55C502362AD6B58A003F5CC4 /* ProgressBar.swift */ = {isa = PBXFileReference; lastKnownFileType = sourcecode.swift; path = ProgressBar.swift; sourceTree = "<group>"; };
		55C5023A2AD6C870003F5CC4 /* ProjectDetailsView.swift */ = {isa = PBXFileReference; lastKnownFileType = sourcecode.swift; path = ProjectDetailsView.swift; sourceTree = "<group>"; };
		55C5023C2AE13C6D003F5CC4 /* CustomDetailComponent.swift */ = {isa = PBXFileReference; lastKnownFileType = sourcecode.swift; path = CustomDetailComponent.swift; sourceTree = "<group>"; };
		55C5023E2AE14208003F5CC4 /* CustomFavouriteButton.swift */ = {isa = PBXFileReference; lastKnownFileType = sourcecode.swift; path = CustomFavouriteButton.swift; sourceTree = "<group>"; };
		55F838062AF00A9300E77DB1 /* AuthViewModel.swift */ = {isa = PBXFileReference; lastKnownFileType = sourcecode.swift; path = AuthViewModel.swift; sourceTree = "<group>"; };
		55F838092AF00AB300E77DB1 /* UserService.swift */ = {isa = PBXFileReference; lastKnownFileType = sourcecode.swift; path = UserService.swift; sourceTree = "<group>"; };
		55F8380C2AF00B4700E77DB1 /* User.swift */ = {isa = PBXFileReference; lastKnownFileType = sourcecode.swift; path = User.swift; sourceTree = "<group>"; };
		55F8380F2AF00D1800E77DB1 /* Role.swift */ = {isa = PBXFileReference; lastKnownFileType = sourcecode.swift; path = Role.swift; sourceTree = "<group>"; };
		55F838112AF00DA900E77DB1 /* Project.swift */ = {isa = PBXFileReference; lastKnownFileType = sourcecode.swift; path = Project.swift; sourceTree = "<group>"; };
		55F838132AF0107300E77DB1 /* ApiError.swift */ = {isa = PBXFileReference; lastKnownFileType = sourcecode.swift; path = ApiError.swift; sourceTree = "<group>"; };
		55F838152AF01E8D00E77DB1 /* UserSessionManager.swift */ = {isa = PBXFileReference; lastKnownFileType = sourcecode.swift; path = UserSessionManager.swift; sourceTree = "<group>"; };
		55F838172AF119F900E77DB1 /* ProjectService.swift */ = {isa = PBXFileReference; lastKnownFileType = sourcecode.swift; path = ProjectService.swift; sourceTree = "<group>"; };
		55F838192AF2A54500E77DB1 /* ProjectsView.swift */ = {isa = PBXFileReference; lastKnownFileType = sourcecode.swift; path = ProjectsView.swift; sourceTree = "<group>"; };
		55F8381B2AF2A72D00E77DB1 /* ProjectCard.swift */ = {isa = PBXFileReference; lastKnownFileType = sourcecode.swift; path = ProjectCard.swift; sourceTree = "<group>"; };
		55F8381F2AF3EBD200E77DB1 /* ImageUploader.swift */ = {isa = PBXFileReference; lastKnownFileType = sourcecode.swift; path = ImageUploader.swift; sourceTree = "<group>"; };
		55F8382E2AF4008200E77DB1 /* GoogleService-Info.plist */ = {isa = PBXFileReference; fileEncoding = 4; lastKnownFileType = text.plist.xml; path = "GoogleService-Info.plist"; sourceTree = "<group>"; };
/* End PBXFileReference section */

/* Begin PBXFrameworksBuildPhase section */
		55C26A812AD561D600F6E99F /* Frameworks */ = {
			isa = PBXFrameworksBuildPhase;
			buildActionMask = 2147483647;
			files = (
				55F838442AF405DE00E77DB1 /* FirebaseDatabase in Frameworks */,
				55F838522AF405DE00E77DB1 /* FirebaseFunctionsCombine-Community in Frameworks */,
				55F8384A2AF405DE00E77DB1 /* FirebaseFirestore in Frameworks */,
				55F838362AF405DE00E77DB1 /* FirebaseAnalyticsSwift in Frameworks */,
				55F838322AF405DE00E77DB1 /* FirebaseAnalytics in Frameworks */,
				55F838342AF405DE00E77DB1 /* FirebaseAnalyticsOnDeviceConversion in Frameworks */,
				55BD66C92AF977DD006F5AE1 /* JWTDecode in Frameworks */,
				55F8385A2AF405DE00E77DB1 /* FirebaseMLModelDownloader in Frameworks */,
				55F8384E2AF405DE00E77DB1 /* FirebaseFirestoreSwift in Frameworks */,
				55F8383A2AF405DE00E77DB1 /* FirebaseAppCheck in Frameworks */,
				55F838382AF405DE00E77DB1 /* FirebaseAnalyticsWithoutAdIdSupport in Frameworks */,
				55F8383E2AF405DE00E77DB1 /* FirebaseAuth in Frameworks */,
				55F838422AF405DE00E77DB1 /* FirebaseCrashlytics in Frameworks */,
				55F838622AF405DE00E77DB1 /* FirebaseRemoteConfigSwift in Frameworks */,
				55F838542AF405DE00E77DB1 /* FirebaseInAppMessaging-Beta in Frameworks */,
				55F838462AF405DE00E77DB1 /* FirebaseDatabaseSwift in Frameworks */,
				55F838502AF405DE00E77DB1 /* FirebaseFunctions in Frameworks */,
				55F838662AF405DE00E77DB1 /* FirebaseStorageCombine-Community in Frameworks */,
				55F838602AF405DE00E77DB1 /* FirebaseRemoteConfig in Frameworks */,
				55F8383C2AF405DE00E77DB1 /* FirebaseAppDistribution-Beta in Frameworks */,
				55F838402AF405DE00E77DB1 /* FirebaseAuthCombine-Community in Frameworks */,
				55F8385E2AF405DE00E77DB1 /* FirebasePerformance in Frameworks */,
				55F838562AF405DE00E77DB1 /* FirebaseInAppMessagingSwift-Beta in Frameworks */,
				55F838642AF405DE00E77DB1 /* FirebaseStorage in Frameworks */,
				55F838482AF405DE00E77DB1 /* FirebaseDynamicLinks in Frameworks */,
				55F8384C2AF405DE00E77DB1 /* FirebaseFirestoreCombine-Community in Frameworks */,
				55F8385C2AF405DE00E77DB1 /* FirebaseMessaging in Frameworks */,
				55F838582AF405DE00E77DB1 /* FirebaseInstallations in Frameworks */,
			);
			runOnlyForDeploymentPostprocessing = 0;
		};
/* End PBXFrameworksBuildPhase section */

/* Begin PBXGroup section */
		55BD66D82AFE52DC006F5AE1 /* Fund */ = {
			isa = PBXGroup;
			children = (
				55BD66DA2AFE52EA006F5AE1 /* ViewModel */,
				55BD66D92AFE52E4006F5AE1 /* View */,
			);
			path = Fund;
			sourceTree = "<group>";
		};
		55BD66D92AFE52E4006F5AE1 /* View */ = {
			isa = PBXGroup;
			children = (
				55BD66DB2AFE5313006F5AE1 /* FundView.swift */,
			);
			path = View;
			sourceTree = "<group>";
		};
		55BD66DA2AFE52EA006F5AE1 /* ViewModel */ = {
			isa = PBXGroup;
			children = (
			);
			path = ViewModel;
			sourceTree = "<group>";
		};
		55BD66DD2AFE71D5006F5AE1 /* ViewModel */ = {
			isa = PBXGroup;
			children = (
				55BD66DE2AFE71E8006F5AE1 /* ProjectDetailViewModel.swift */,
			);
			path = ViewModel;
			sourceTree = "<group>";
		};
		55BD66E02AFE85E1006F5AE1 /* Admin */ = {
			isa = PBXGroup;
			children = (
				55BD66E22AFE85ED006F5AE1 /* ViewModel */,
				55BD66E12AFE85E6006F5AE1 /* View */,
			);
			path = Admin;
			sourceTree = "<group>";
		};
		55BD66E12AFE85E6006F5AE1 /* View */ = {
			isa = PBXGroup;
			children = (
				55BD66E32AFE85FA006F5AE1 /* AdminView.swift */,
			);
			path = View;
			sourceTree = "<group>";
		};
		55BD66E22AFE85ED006F5AE1 /* ViewModel */ = {
			isa = PBXGroup;
			children = (
				55BD66E92AFEC3D3006F5AE1 /* AdminViewModel.swift */,
			);
			path = ViewModel;
			sourceTree = "<group>";
		};
		55BD66ED2B016A05006F5AE1 /* Localization */ = {
			isa = PBXGroup;
			children = (
				55BD66F62B02375B006F5AE1 /* Localizable.xcstrings */,
			);
			path = Localization;
			sourceTree = "<group>";
		};
		55C26A7B2AD561D600F6E99F = {
			isa = PBXGroup;
			children = (
				55C26A862AD561D600F6E99F /* Fundster */,
				55C26A852AD561D600F6E99F /* Products */,
			);
			sourceTree = "<group>";
		};
		55C26A852AD561D600F6E99F /* Products */ = {
			isa = PBXGroup;
			children = (
				55C26A842AD561D600F6E99F /* Fundster.app */,
			);
			name = Products;
			sourceTree = "<group>";
		};
		55C26A862AD561D600F6E99F /* Fundster */ = {
			isa = PBXGroup;
			children = (
				55BD66ED2B016A05006F5AE1 /* Localization */,
				55BD66E02AFE85E1006F5AE1 /* Admin */,
				55BD66D82AFE52DC006F5AE1 /* Fund */,
				55F8382E2AF4008200E77DB1 /* GoogleService-Info.plist */,
				55F8380E2AF00D0A00E77DB1 /* Enums */,
				55F8380B2AF00B3700E77DB1 /* Model */,
				55F838082AF00AA500E77DB1 /* Service */,
				55C502382AD6C84E003F5CC4 /* ProjectDetails */,
				55C5022C2AD59D86003F5CC4 /* Favourite */,
				55C502272AD59D50003F5CC4 /* Projects */,
				55C502222AD59D2C003F5CC4 /* Profile */,
				55C5021E2AD59C6C003F5CC4 /* BottomNavigation */,
				55C26A9F2AD59B2A00F6E99F /* Explore */,
				55C26A9A2AD5662600F6E99F /* Components */,
				55C26A952AD5650300F6E99F /* Authentication */,
				55C26A872AD561D600F6E99F /* FundsterApp.swift */,
				55C26A892AD561D600F6E99F /* ContentView.swift */,
				55C26A8B2AD561D900F6E99F /* Assets.xcassets */,
				55C26A8D2AD561D900F6E99F /* Preview Content */,
			);
			path = Fundster;
			sourceTree = "<group>";
		};
		55C26A8D2AD561D900F6E99F /* Preview Content */ = {
			isa = PBXGroup;
			children = (
				55C26A8E2AD561D900F6E99F /* Preview Assets.xcassets */,
			);
			path = "Preview Content";
			sourceTree = "<group>";
		};
		55C26A952AD5650300F6E99F /* Authentication */ = {
			isa = PBXGroup;
			children = (
				55C26A972AD5651800F6E99F /* ViewModel */,
				55C26A962AD5651000F6E99F /* View */,
			);
			path = Authentication;
			sourceTree = "<group>";
		};
		55C26A962AD5651000F6E99F /* View */ = {
			isa = PBXGroup;
			children = (
				55C26A982AD5660A00F6E99F /* LoginView.swift */,
				55C26A9D2AD5928600F6E99F /* SignUpView.swift */,
			);
			path = View;
			sourceTree = "<group>";
		};
		55C26A972AD5651800F6E99F /* ViewModel */ = {
			isa = PBXGroup;
			children = (
				55F838062AF00A9300E77DB1 /* AuthViewModel.swift */,
			);
			path = ViewModel;
			sourceTree = "<group>";
		};
		55C26A9A2AD5662600F6E99F /* Components */ = {
			isa = PBXGroup;
			children = (
				55C26A9B2AD5674300F6E99F /* CustomTextField.swift */,
				55C502322AD68E98003F5CC4 /* CustomSearch.swift */,
				55C502342AD6A5CF003F5CC4 /* ProjectThumbnailView.swift */,
				55C502362AD6B58A003F5CC4 /* ProgressBar.swift */,
				55C5023C2AE13C6D003F5CC4 /* CustomDetailComponent.swift */,
				55C5023E2AE14208003F5CC4 /* CustomFavouriteButton.swift */,
				55F8381B2AF2A72D00E77DB1 /* ProjectCard.swift */,
				55BD67002B03BFE8006F5AE1 /* AdminProjectThumbnailView.swift */,
			);
			path = Components;
			sourceTree = "<group>";
		};
		55C26A9F2AD59B2A00F6E99F /* Explore */ = {
			isa = PBXGroup;
			children = (
				55C26AA12AD59B3F00F6E99F /* View */,
				55C26AA02AD59B3900F6E99F /* ViewModel */,
			);
			path = Explore;
			sourceTree = "<group>";
		};
		55C26AA02AD59B3900F6E99F /* ViewModel */ = {
			isa = PBXGroup;
			children = (
				55BD66D42AFD2868006F5AE1 /* ExploreViewModel.swift */,
			);
			path = ViewModel;
			sourceTree = "<group>";
		};
		55C26AA12AD59B3F00F6E99F /* View */ = {
			isa = PBXGroup;
			children = (
				55C502302AD59DD4003F5CC4 /* ExploreView.swift */,
			);
			path = View;
			sourceTree = "<group>";
		};
		55C5021E2AD59C6C003F5CC4 /* BottomNavigation */ = {
			isa = PBXGroup;
			children = (
				55C5021F2AD59C75003F5CC4 /* View */,
			);
			path = BottomNavigation;
			sourceTree = "<group>";
		};
		55C5021F2AD59C75003F5CC4 /* View */ = {
			isa = PBXGroup;
			children = (
				55C502202AD59C85003F5CC4 /* BottomNavigationView.swift */,
			);
			path = View;
			sourceTree = "<group>";
		};
		55C502222AD59D2C003F5CC4 /* Profile */ = {
			isa = PBXGroup;
			children = (
				55C502242AD59D39003F5CC4 /* View */,
				55C502232AD59D32003F5CC4 /* ViewModel */,
			);
			path = Profile;
			sourceTree = "<group>";
		};
		55C502232AD59D32003F5CC4 /* ViewModel */ = {
			isa = PBXGroup;
			children = (
				55BD66FA2B0390A3006F5AE1 /* ProfileViewModel.swift */,
			);
			path = ViewModel;
			sourceTree = "<group>";
		};
		55C502242AD59D39003F5CC4 /* View */ = {
			isa = PBXGroup;
			children = (
				55C502252AD59D46003F5CC4 /* ProfileView.swift */,
				55BD66FE2B03A692006F5AE1 /* ProfilePictureUpdateView.swift */,
			);
			path = View;
			sourceTree = "<group>";
		};
		55C502272AD59D50003F5CC4 /* Projects */ = {
			isa = PBXGroup;
			children = (
				55C502292AD59D70003F5CC4 /* View */,
				55C502282AD59D67003F5CC4 /* ViewModel */,
			);
			path = Projects;
			sourceTree = "<group>";
		};
		55C502282AD59D67003F5CC4 /* ViewModel */ = {
			isa = PBXGroup;
			children = (
				55BD66CE2AFAA458006F5AE1 /* ProjectUploadViewModel.swift */,
				55BD66D22AFD2731006F5AE1 /* ProjectsViewModel.swift */,
			);
			path = ViewModel;
			sourceTree = "<group>";
		};
		55C502292AD59D70003F5CC4 /* View */ = {
			isa = PBXGroup;
			children = (
				55C5022A2AD59D7E003F5CC4 /* CreateProjectView.swift */,
				55F838192AF2A54500E77DB1 /* ProjectsView.swift */,
			);
			path = View;
			sourceTree = "<group>";
		};
		55C5022C2AD59D86003F5CC4 /* Favourite */ = {
			isa = PBXGroup;
			children = (
				55C5022D2AD59D9E003F5CC4 /* View */,
			);
			path = Favourite;
			sourceTree = "<group>";
		};
		55C5022D2AD59D9E003F5CC4 /* View */ = {
			isa = PBXGroup;
			children = (
				55C5022E2AD59DA9003F5CC4 /* FavouriteView.swift */,
			);
			path = View;
			sourceTree = "<group>";
		};
		55C502382AD6C84E003F5CC4 /* ProjectDetails */ = {
			isa = PBXGroup;
			children = (
				55BD66DD2AFE71D5006F5AE1 /* ViewModel */,
				55C502392AD6C85B003F5CC4 /* View */,
			);
			path = ProjectDetails;
			sourceTree = "<group>";
		};
		55C502392AD6C85B003F5CC4 /* View */ = {
			isa = PBXGroup;
			children = (
				55C5023A2AD6C870003F5CC4 /* ProjectDetailsView.swift */,
			);
			path = View;
			sourceTree = "<group>";
		};
		55F838082AF00AA500E77DB1 /* Service */ = {
			isa = PBXGroup;
			children = (
				55F838092AF00AB300E77DB1 /* UserService.swift */,
				55F838152AF01E8D00E77DB1 /* UserSessionManager.swift */,
				55F838172AF119F900E77DB1 /* ProjectService.swift */,
				55F8381F2AF3EBD200E77DB1 /* ImageUploader.swift */,
			);
			path = Service;
			sourceTree = "<group>";
		};
		55F8380B2AF00B3700E77DB1 /* Model */ = {
			isa = PBXGroup;
			children = (
				55F8380C2AF00B4700E77DB1 /* User.swift */,
				55F838112AF00DA900E77DB1 /* Project.swift */,
				55BD66CA2AF97DAC006F5AE1 /* JwtToken.swift */,
				55BD66D02AFCF9D9006F5AE1 /* CreateProjectDTO.swift */,
				55BD66E52AFE86E3006F5AE1 /* CreateUserDTO.swift */,
			);
			path = Model;
			sourceTree = "<group>";
		};
		55F8380E2AF00D0A00E77DB1 /* Enums */ = {
			isa = PBXGroup;
			children = (
				55F8380F2AF00D1800E77DB1 /* Role.swift */,
				55F838132AF0107300E77DB1 /* ApiError.swift */,
				55BD66D62AFE3F66006F5AE1 /* DetailComponentType.swift */,
			);
			path = Enums;
			sourceTree = "<group>";
		};
/* End PBXGroup section */

/* Begin PBXNativeTarget section */
		55C26A832AD561D600F6E99F /* Fundster */ = {
			isa = PBXNativeTarget;
			buildConfigurationList = 55C26A922AD561D900F6E99F /* Build configuration list for PBXNativeTarget "Fundster" */;
			buildPhases = (
				55C26A802AD561D600F6E99F /* Sources */,
				55C26A812AD561D600F6E99F /* Frameworks */,
				55C26A822AD561D600F6E99F /* Resources */,
			);
			buildRules = (
			);
			dependencies = (
			);
			name = Fundster;
			packageProductDependencies = (
				55F838312AF405DE00E77DB1 /* FirebaseAnalytics */,
				55F838332AF405DE00E77DB1 /* FirebaseAnalyticsOnDeviceConversion */,
				55F838352AF405DE00E77DB1 /* FirebaseAnalyticsSwift */,
				55F838372AF405DE00E77DB1 /* FirebaseAnalyticsWithoutAdIdSupport */,
				55F838392AF405DE00E77DB1 /* FirebaseAppCheck */,
				55F8383B2AF405DE00E77DB1 /* FirebaseAppDistribution-Beta */,
				55F8383D2AF405DE00E77DB1 /* FirebaseAuth */,
				55F8383F2AF405DE00E77DB1 /* FirebaseAuthCombine-Community */,
				55F838412AF405DE00E77DB1 /* FirebaseCrashlytics */,
				55F838432AF405DE00E77DB1 /* FirebaseDatabase */,
				55F838452AF405DE00E77DB1 /* FirebaseDatabaseSwift */,
				55F838472AF405DE00E77DB1 /* FirebaseDynamicLinks */,
				55F838492AF405DE00E77DB1 /* FirebaseFirestore */,
				55F8384B2AF405DE00E77DB1 /* FirebaseFirestoreCombine-Community */,
				55F8384D2AF405DE00E77DB1 /* FirebaseFirestoreSwift */,
				55F8384F2AF405DE00E77DB1 /* FirebaseFunctions */,
				55F838512AF405DE00E77DB1 /* FirebaseFunctionsCombine-Community */,
				55F838532AF405DE00E77DB1 /* FirebaseInAppMessaging-Beta */,
				55F838552AF405DE00E77DB1 /* FirebaseInAppMessagingSwift-Beta */,
				55F838572AF405DE00E77DB1 /* FirebaseInstallations */,
				55F838592AF405DE00E77DB1 /* FirebaseMLModelDownloader */,
				55F8385B2AF405DE00E77DB1 /* FirebaseMessaging */,
				55F8385D2AF405DE00E77DB1 /* FirebasePerformance */,
				55F8385F2AF405DE00E77DB1 /* FirebaseRemoteConfig */,
				55F838612AF405DE00E77DB1 /* FirebaseRemoteConfigSwift */,
				55F838632AF405DE00E77DB1 /* FirebaseStorage */,
				55F838652AF405DE00E77DB1 /* FirebaseStorageCombine-Community */,
				55BD66C82AF977DD006F5AE1 /* JWTDecode */,
			);
			productName = Fundster;
			productReference = 55C26A842AD561D600F6E99F /* Fundster.app */;
			productType = "com.apple.product-type.application";
		};
/* End PBXNativeTarget section */

/* Begin PBXProject section */
		55C26A7C2AD561D600F6E99F /* Project object */ = {
			isa = PBXProject;
			attributes = {
				BuildIndependentTargetsInParallel = 1;
				LastSwiftUpdateCheck = 1400;
				LastUpgradeCheck = 1400;
				TargetAttributes = {
					55C26A832AD561D600F6E99F = {
						CreatedOnToolsVersion = 14.0.1;
					};
				};
			};
			buildConfigurationList = 55C26A7F2AD561D600F6E99F /* Build configuration list for PBXProject "Fundster" */;
			compatibilityVersion = "Xcode 14.0";
			developmentRegion = en;
			hasScannedForEncodings = 0;
			knownRegions = (
				en,
				Base,
				hr,
				it,
			);
			mainGroup = 55C26A7B2AD561D600F6E99F;
			packageReferences = (
				55F838302AF405DE00E77DB1 /* XCRemoteSwiftPackageReference "firebase-ios-sdk" */,
				55BD66C72AF977DD006F5AE1 /* XCRemoteSwiftPackageReference "JWTDecode" */,
			);
			productRefGroup = 55C26A852AD561D600F6E99F /* Products */;
			projectDirPath = "";
			projectRoot = "";
			targets = (
				55C26A832AD561D600F6E99F /* Fundster */,
			);
		};
/* End PBXProject section */

/* Begin PBXResourcesBuildPhase section */
		55C26A822AD561D600F6E99F /* Resources */ = {
			isa = PBXResourcesBuildPhase;
			buildActionMask = 2147483647;
			files = (
				55C26A8F2AD561D900F6E99F /* Preview Assets.xcassets in Resources */,
				55C26A8C2AD561D900F6E99F /* Assets.xcassets in Resources */,
				55BD66F72B02375B006F5AE1 /* Localizable.xcstrings in Resources */,
				55F8382F2AF4008200E77DB1 /* GoogleService-Info.plist in Resources */,
			);
			runOnlyForDeploymentPostprocessing = 0;
		};
/* End PBXResourcesBuildPhase section */

/* Begin PBXSourcesBuildPhase section */
		55C26A802AD561D600F6E99F /* Sources */ = {
			isa = PBXSourcesBuildPhase;
			buildActionMask = 2147483647;
			files = (
				55C5023D2AE13C6D003F5CC4 /* CustomDetailComponent.swift in Sources */,
				55F838102AF00D1800E77DB1 /* Role.swift in Sources */,
				55C26A9C2AD5674300F6E99F /* CustomTextField.swift in Sources */,
				55BD66D12AFCF9D9006F5AE1 /* CreateProjectDTO.swift in Sources */,
				55F838162AF01E8D00E77DB1 /* UserSessionManager.swift in Sources */,
				55C5023F2AE14208003F5CC4 /* CustomFavouriteButton.swift in Sources */,
				55C26A9E2AD5928600F6E99F /* SignUpView.swift in Sources */,
				55C5022B2AD59D7E003F5CC4 /* CreateProjectView.swift in Sources */,
				55BD66E62AFE86E3006F5AE1 /* CreateUserDTO.swift in Sources */,
				55BD66D32AFD2731006F5AE1 /* ProjectsViewModel.swift in Sources */,
				55C502352AD6A5CF003F5CC4 /* ProjectThumbnailView.swift in Sources */,
				55BD66DC2AFE5313006F5AE1 /* FundView.swift in Sources */,
				55F838072AF00A9300E77DB1 /* AuthViewModel.swift in Sources */,
				55BD66FB2B0390A3006F5AE1 /* ProfileViewModel.swift in Sources */,
				55BD66FF2B03A692006F5AE1 /* ProfilePictureUpdateView.swift in Sources */,
				55C26A992AD5660A00F6E99F /* LoginView.swift in Sources */,
				55C502312AD59DD4003F5CC4 /* ExploreView.swift in Sources */,
				55BD66D72AFE3F66006F5AE1 /* DetailComponentType.swift in Sources */,
				55F838142AF0107300E77DB1 /* ApiError.swift in Sources */,
				55C26A8A2AD561D600F6E99F /* ContentView.swift in Sources */,
				55BD66CF2AFAA458006F5AE1 /* ProjectUploadViewModel.swift in Sources */,
				55C502332AD68E98003F5CC4 /* CustomSearch.swift in Sources */,
				55F838182AF119F900E77DB1 /* ProjectService.swift in Sources */,
				55C26A882AD561D600F6E99F /* FundsterApp.swift in Sources */,
				55BD66CB2AF97DAC006F5AE1 /* JwtToken.swift in Sources */,
				55F838122AF00DA900E77DB1 /* Project.swift in Sources */,
				55F8381A2AF2A54500E77DB1 /* ProjectsView.swift in Sources */,
				55BD66DF2AFE71E8006F5AE1 /* ProjectDetailViewModel.swift in Sources */,
				55C502262AD59D46003F5CC4 /* ProfileView.swift in Sources */,
				55BD66E42AFE85FA006F5AE1 /* AdminView.swift in Sources */,
				55C502372AD6B58A003F5CC4 /* ProgressBar.swift in Sources */,
				55F8381C2AF2A72D00E77DB1 /* ProjectCard.swift in Sources */,
				55F8380A2AF00AB300E77DB1 /* UserService.swift in Sources */,
				55C5022F2AD59DA9003F5CC4 /* FavouriteView.swift in Sources */,
				55C502212AD59C85003F5CC4 /* BottomNavigationView.swift in Sources */,
				55C5023B2AD6C870003F5CC4 /* ProjectDetailsView.swift in Sources */,
				55BD66EA2AFEC3D3006F5AE1 /* AdminViewModel.swift in Sources */,
				55BD66D52AFD2868006F5AE1 /* ExploreViewModel.swift in Sources */,
				55F8380D2AF00B4700E77DB1 /* User.swift in Sources */,
				55BD67012B03BFE8006F5AE1 /* AdminProjectThumbnailView.swift in Sources */,
				55F838202AF3EBD200E77DB1 /* ImageUploader.swift in Sources */,
			);
			runOnlyForDeploymentPostprocessing = 0;
		};
/* End PBXSourcesBuildPhase section */

/* Begin XCBuildConfiguration section */
		55C26A902AD561D900F6E99F /* Debug */ = {
			isa = XCBuildConfiguration;
			buildSettings = {
				ALWAYS_SEARCH_USER_PATHS = NO;
				CLANG_ANALYZER_NONNULL = YES;
				CLANG_ANALYZER_NUMBER_OBJECT_CONVERSION = YES_AGGRESSIVE;
				CLANG_CXX_LANGUAGE_STANDARD = "gnu++20";
				CLANG_ENABLE_MODULES = YES;
				CLANG_ENABLE_OBJC_ARC = YES;
				CLANG_ENABLE_OBJC_WEAK = YES;
				CLANG_WARN_BLOCK_CAPTURE_AUTORELEASING = YES;
				CLANG_WARN_BOOL_CONVERSION = YES;
				CLANG_WARN_COMMA = YES;
				CLANG_WARN_CONSTANT_CONVERSION = YES;
				CLANG_WARN_DEPRECATED_OBJC_IMPLEMENTATIONS = YES;
				CLANG_WARN_DIRECT_OBJC_ISA_USAGE = YES_ERROR;
				CLANG_WARN_DOCUMENTATION_COMMENTS = YES;
				CLANG_WARN_EMPTY_BODY = YES;
				CLANG_WARN_ENUM_CONVERSION = YES;
				CLANG_WARN_INFINITE_RECURSION = YES;
				CLANG_WARN_INT_CONVERSION = YES;
				CLANG_WARN_NON_LITERAL_NULL_CONVERSION = YES;
				CLANG_WARN_OBJC_IMPLICIT_RETAIN_SELF = YES;
				CLANG_WARN_OBJC_LITERAL_CONVERSION = YES;
				CLANG_WARN_OBJC_ROOT_CLASS = YES_ERROR;
				CLANG_WARN_QUOTED_INCLUDE_IN_FRAMEWORK_HEADER = YES;
				CLANG_WARN_RANGE_LOOP_ANALYSIS = YES;
				CLANG_WARN_STRICT_PROTOTYPES = YES;
				CLANG_WARN_SUSPICIOUS_MOVE = YES;
				CLANG_WARN_UNGUARDED_AVAILABILITY = YES_AGGRESSIVE;
				CLANG_WARN_UNREACHABLE_CODE = YES;
				CLANG_WARN__DUPLICATE_METHOD_MATCH = YES;
				COPY_PHASE_STRIP = NO;
				DEBUG_INFORMATION_FORMAT = dwarf;
				ENABLE_STRICT_OBJC_MSGSEND = YES;
				ENABLE_TESTABILITY = YES;
				GCC_C_LANGUAGE_STANDARD = gnu11;
				GCC_DYNAMIC_NO_PIC = NO;
				GCC_NO_COMMON_BLOCKS = YES;
				GCC_OPTIMIZATION_LEVEL = 0;
				GCC_PREPROCESSOR_DEFINITIONS = (
					"DEBUG=1",
					"$(inherited)",
				);
				GCC_WARN_64_TO_32_BIT_CONVERSION = YES;
				GCC_WARN_ABOUT_RETURN_TYPE = YES_ERROR;
				GCC_WARN_UNDECLARED_SELECTOR = YES;
				GCC_WARN_UNINITIALIZED_AUTOS = YES_AGGRESSIVE;
				GCC_WARN_UNUSED_FUNCTION = YES;
				GCC_WARN_UNUSED_VARIABLE = YES;
				IPHONEOS_DEPLOYMENT_TARGET = 16.0;
				MTL_ENABLE_DEBUG_INFO = INCLUDE_SOURCE;
				MTL_FAST_MATH = YES;
				ONLY_ACTIVE_ARCH = YES;
				SDKROOT = iphoneos;
				SWIFT_ACTIVE_COMPILATION_CONDITIONS = DEBUG;
				SWIFT_OPTIMIZATION_LEVEL = "-Onone";
			};
			name = Debug;
		};
		55C26A912AD561D900F6E99F /* Release */ = {
			isa = XCBuildConfiguration;
			buildSettings = {
				ALWAYS_SEARCH_USER_PATHS = NO;
				CLANG_ANALYZER_NONNULL = YES;
				CLANG_ANALYZER_NUMBER_OBJECT_CONVERSION = YES_AGGRESSIVE;
				CLANG_CXX_LANGUAGE_STANDARD = "gnu++20";
				CLANG_ENABLE_MODULES = YES;
				CLANG_ENABLE_OBJC_ARC = YES;
				CLANG_ENABLE_OBJC_WEAK = YES;
				CLANG_WARN_BLOCK_CAPTURE_AUTORELEASING = YES;
				CLANG_WARN_BOOL_CONVERSION = YES;
				CLANG_WARN_COMMA = YES;
				CLANG_WARN_CONSTANT_CONVERSION = YES;
				CLANG_WARN_DEPRECATED_OBJC_IMPLEMENTATIONS = YES;
				CLANG_WARN_DIRECT_OBJC_ISA_USAGE = YES_ERROR;
				CLANG_WARN_DOCUMENTATION_COMMENTS = YES;
				CLANG_WARN_EMPTY_BODY = YES;
				CLANG_WARN_ENUM_CONVERSION = YES;
				CLANG_WARN_INFINITE_RECURSION = YES;
				CLANG_WARN_INT_CONVERSION = YES;
				CLANG_WARN_NON_LITERAL_NULL_CONVERSION = YES;
				CLANG_WARN_OBJC_IMPLICIT_RETAIN_SELF = YES;
				CLANG_WARN_OBJC_LITERAL_CONVERSION = YES;
				CLANG_WARN_OBJC_ROOT_CLASS = YES_ERROR;
				CLANG_WARN_QUOTED_INCLUDE_IN_FRAMEWORK_HEADER = YES;
				CLANG_WARN_RANGE_LOOP_ANALYSIS = YES;
				CLANG_WARN_STRICT_PROTOTYPES = YES;
				CLANG_WARN_SUSPICIOUS_MOVE = YES;
				CLANG_WARN_UNGUARDED_AVAILABILITY = YES_AGGRESSIVE;
				CLANG_WARN_UNREACHABLE_CODE = YES;
				CLANG_WARN__DUPLICATE_METHOD_MATCH = YES;
				COPY_PHASE_STRIP = NO;
				DEBUG_INFORMATION_FORMAT = "dwarf-with-dsym";
				ENABLE_NS_ASSERTIONS = NO;
				ENABLE_STRICT_OBJC_MSGSEND = YES;
				GCC_C_LANGUAGE_STANDARD = gnu11;
				GCC_NO_COMMON_BLOCKS = YES;
				GCC_WARN_64_TO_32_BIT_CONVERSION = YES;
				GCC_WARN_ABOUT_RETURN_TYPE = YES_ERROR;
				GCC_WARN_UNDECLARED_SELECTOR = YES;
				GCC_WARN_UNINITIALIZED_AUTOS = YES_AGGRESSIVE;
				GCC_WARN_UNUSED_FUNCTION = YES;
				GCC_WARN_UNUSED_VARIABLE = YES;
				IPHONEOS_DEPLOYMENT_TARGET = 16.0;
				MTL_ENABLE_DEBUG_INFO = NO;
				MTL_FAST_MATH = YES;
				SDKROOT = iphoneos;
				SWIFT_COMPILATION_MODE = wholemodule;
				SWIFT_OPTIMIZATION_LEVEL = "-O";
				VALIDATE_PRODUCT = YES;
			};
			name = Release;
		};
		55C26A932AD561D900F6E99F /* Debug */ = {
			isa = XCBuildConfiguration;
			buildSettings = {
				ASSETCATALOG_COMPILER_APPICON_NAME = AppIcon;
				ASSETCATALOG_COMPILER_GLOBAL_ACCENT_COLOR_NAME = AccentColor;
				CODE_SIGN_STYLE = Automatic;
				CURRENT_PROJECT_VERSION = 1;
				DEVELOPMENT_ASSET_PATHS = "\"Fundster/Preview Content\"";
				DEVELOPMENT_TEAM = 8XB34C5UT7;
				ENABLE_PREVIEWS = YES;
				GENERATE_INFOPLIST_FILE = YES;
				INFOPLIST_KEY_UIApplicationSceneManifest_Generation = YES;
				INFOPLIST_KEY_UIApplicationSupportsIndirectInputEvents = YES;
				INFOPLIST_KEY_UILaunchScreen_Generation = YES;
				INFOPLIST_KEY_UISupportedInterfaceOrientations_iPad = "UIInterfaceOrientationPortrait UIInterfaceOrientationPortraitUpsideDown UIInterfaceOrientationLandscapeLeft UIInterfaceOrientationLandscapeRight";
				INFOPLIST_KEY_UISupportedInterfaceOrientations_iPhone = "UIInterfaceOrientationPortrait UIInterfaceOrientationLandscapeLeft UIInterfaceOrientationLandscapeRight";
				LD_RUNPATH_SEARCH_PATHS = (
					"$(inherited)",
					"@executable_path/Frameworks",
				);
				MARKETING_VERSION = 1.0;
				PRODUCT_BUNDLE_IDENTIFIER = com.mnovak.Fundster;
				PRODUCT_NAME = "$(TARGET_NAME)";
				SWIFT_EMIT_LOC_STRINGS = YES;
				SWIFT_VERSION = 5.0;
				TARGETED_DEVICE_FAMILY = "1,2";
			};
			name = Debug;
		};
		55C26A942AD561D900F6E99F /* Release */ = {
			isa = XCBuildConfiguration;
			buildSettings = {
				ASSETCATALOG_COMPILER_APPICON_NAME = AppIcon;
				ASSETCATALOG_COMPILER_GLOBAL_ACCENT_COLOR_NAME = AccentColor;
				CODE_SIGN_STYLE = Automatic;
				CURRENT_PROJECT_VERSION = 1;
				DEVELOPMENT_ASSET_PATHS = "\"Fundster/Preview Content\"";
				DEVELOPMENT_TEAM = 8XB34C5UT7;
				ENABLE_PREVIEWS = YES;
				GENERATE_INFOPLIST_FILE = YES;
				INFOPLIST_KEY_UIApplicationSceneManifest_Generation = YES;
				INFOPLIST_KEY_UIApplicationSupportsIndirectInputEvents = YES;
				INFOPLIST_KEY_UILaunchScreen_Generation = YES;
				INFOPLIST_KEY_UISupportedInterfaceOrientations_iPad = "UIInterfaceOrientationPortrait UIInterfaceOrientationPortraitUpsideDown UIInterfaceOrientationLandscapeLeft UIInterfaceOrientationLandscapeRight";
				INFOPLIST_KEY_UISupportedInterfaceOrientations_iPhone = "UIInterfaceOrientationPortrait UIInterfaceOrientationLandscapeLeft UIInterfaceOrientationLandscapeRight";
				LD_RUNPATH_SEARCH_PATHS = (
					"$(inherited)",
					"@executable_path/Frameworks",
				);
				MARKETING_VERSION = 1.0;
				PRODUCT_BUNDLE_IDENTIFIER = com.mnovak.Fundster;
				PRODUCT_NAME = "$(TARGET_NAME)";
				SWIFT_EMIT_LOC_STRINGS = YES;
				SWIFT_VERSION = 5.0;
				TARGETED_DEVICE_FAMILY = "1,2";
			};
			name = Release;
		};
/* End XCBuildConfiguration section */

/* Begin XCConfigurationList section */
		55C26A7F2AD561D600F6E99F /* Build configuration list for PBXProject "Fundster" */ = {
			isa = XCConfigurationList;
			buildConfigurations = (
				55C26A902AD561D900F6E99F /* Debug */,
				55C26A912AD561D900F6E99F /* Release */,
			);
			defaultConfigurationIsVisible = 0;
			defaultConfigurationName = Release;
		};
		55C26A922AD561D900F6E99F /* Build configuration list for PBXNativeTarget "Fundster" */ = {
			isa = XCConfigurationList;
			buildConfigurations = (
				55C26A932AD561D900F6E99F /* Debug */,
				55C26A942AD561D900F6E99F /* Release */,
			);
			defaultConfigurationIsVisible = 0;
			defaultConfigurationName = Release;
		};
/* End XCConfigurationList section */

/* Begin XCRemoteSwiftPackageReference section */
		55BD66C72AF977DD006F5AE1 /* XCRemoteSwiftPackageReference "JWTDecode" */ = {
			isa = XCRemoteSwiftPackageReference;
			repositoryURL = "https://github.com/auth0/JWTDecode.swift";
			requirement = {
				kind = upToNextMajorVersion;
				minimumVersion = 3.1.0;
			};
		};
		55F838302AF405DE00E77DB1 /* XCRemoteSwiftPackageReference "firebase-ios-sdk" */ = {
			isa = XCRemoteSwiftPackageReference;
			repositoryURL = "https://github.com/firebase/firebase-ios-sdk.git";
			requirement = {
				kind = upToNextMajorVersion;
				minimumVersion = 10.17.0;
			};
		};
/* End XCRemoteSwiftPackageReference section */

/* Begin XCSwiftPackageProductDependency section */
		55BD66C82AF977DD006F5AE1 /* JWTDecode */ = {
			isa = XCSwiftPackageProductDependency;
			package = 55BD66C72AF977DD006F5AE1 /* XCRemoteSwiftPackageReference "JWTDecode" */;
			productName = JWTDecode;
		};
		55F838312AF405DE00E77DB1 /* FirebaseAnalytics */ = {
			isa = XCSwiftPackageProductDependency;
			package = 55F838302AF405DE00E77DB1 /* XCRemoteSwiftPackageReference "firebase-ios-sdk" */;
			productName = FirebaseAnalytics;
		};
		55F838332AF405DE00E77DB1 /* FirebaseAnalyticsOnDeviceConversion */ = {
			isa = XCSwiftPackageProductDependency;
			package = 55F838302AF405DE00E77DB1 /* XCRemoteSwiftPackageReference "firebase-ios-sdk" */;
			productName = FirebaseAnalyticsOnDeviceConversion;
		};
		55F838352AF405DE00E77DB1 /* FirebaseAnalyticsSwift */ = {
			isa = XCSwiftPackageProductDependency;
			package = 55F838302AF405DE00E77DB1 /* XCRemoteSwiftPackageReference "firebase-ios-sdk" */;
			productName = FirebaseAnalyticsSwift;
		};
		55F838372AF405DE00E77DB1 /* FirebaseAnalyticsWithoutAdIdSupport */ = {
			isa = XCSwiftPackageProductDependency;
			package = 55F838302AF405DE00E77DB1 /* XCRemoteSwiftPackageReference "firebase-ios-sdk" */;
			productName = FirebaseAnalyticsWithoutAdIdSupport;
		};
		55F838392AF405DE00E77DB1 /* FirebaseAppCheck */ = {
			isa = XCSwiftPackageProductDependency;
			package = 55F838302AF405DE00E77DB1 /* XCRemoteSwiftPackageReference "firebase-ios-sdk" */;
			productName = FirebaseAppCheck;
		};
		55F8383B2AF405DE00E77DB1 /* FirebaseAppDistribution-Beta */ = {
			isa = XCSwiftPackageProductDependency;
			package = 55F838302AF405DE00E77DB1 /* XCRemoteSwiftPackageReference "firebase-ios-sdk" */;
			productName = "FirebaseAppDistribution-Beta";
		};
		55F8383D2AF405DE00E77DB1 /* FirebaseAuth */ = {
			isa = XCSwiftPackageProductDependency;
			package = 55F838302AF405DE00E77DB1 /* XCRemoteSwiftPackageReference "firebase-ios-sdk" */;
			productName = FirebaseAuth;
		};
		55F8383F2AF405DE00E77DB1 /* FirebaseAuthCombine-Community */ = {
			isa = XCSwiftPackageProductDependency;
			package = 55F838302AF405DE00E77DB1 /* XCRemoteSwiftPackageReference "firebase-ios-sdk" */;
			productName = "FirebaseAuthCombine-Community";
		};
		55F838412AF405DE00E77DB1 /* FirebaseCrashlytics */ = {
			isa = XCSwiftPackageProductDependency;
			package = 55F838302AF405DE00E77DB1 /* XCRemoteSwiftPackageReference "firebase-ios-sdk" */;
			productName = FirebaseCrashlytics;
		};
		55F838432AF405DE00E77DB1 /* FirebaseDatabase */ = {
			isa = XCSwiftPackageProductDependency;
			package = 55F838302AF405DE00E77DB1 /* XCRemoteSwiftPackageReference "firebase-ios-sdk" */;
			productName = FirebaseDatabase;
		};
		55F838452AF405DE00E77DB1 /* FirebaseDatabaseSwift */ = {
			isa = XCSwiftPackageProductDependency;
			package = 55F838302AF405DE00E77DB1 /* XCRemoteSwiftPackageReference "firebase-ios-sdk" */;
			productName = FirebaseDatabaseSwift;
		};
		55F838472AF405DE00E77DB1 /* FirebaseDynamicLinks */ = {
			isa = XCSwiftPackageProductDependency;
			package = 55F838302AF405DE00E77DB1 /* XCRemoteSwiftPackageReference "firebase-ios-sdk" */;
			productName = FirebaseDynamicLinks;
		};
		55F838492AF405DE00E77DB1 /* FirebaseFirestore */ = {
			isa = XCSwiftPackageProductDependency;
			package = 55F838302AF405DE00E77DB1 /* XCRemoteSwiftPackageReference "firebase-ios-sdk" */;
			productName = FirebaseFirestore;
		};
		55F8384B2AF405DE00E77DB1 /* FirebaseFirestoreCombine-Community */ = {
			isa = XCSwiftPackageProductDependency;
			package = 55F838302AF405DE00E77DB1 /* XCRemoteSwiftPackageReference "firebase-ios-sdk" */;
			productName = "FirebaseFirestoreCombine-Community";
		};
		55F8384D2AF405DE00E77DB1 /* FirebaseFirestoreSwift */ = {
			isa = XCSwiftPackageProductDependency;
			package = 55F838302AF405DE00E77DB1 /* XCRemoteSwiftPackageReference "firebase-ios-sdk" */;
			productName = FirebaseFirestoreSwift;
		};
		55F8384F2AF405DE00E77DB1 /* FirebaseFunctions */ = {
			isa = XCSwiftPackageProductDependency;
			package = 55F838302AF405DE00E77DB1 /* XCRemoteSwiftPackageReference "firebase-ios-sdk" */;
			productName = FirebaseFunctions;
		};
		55F838512AF405DE00E77DB1 /* FirebaseFunctionsCombine-Community */ = {
			isa = XCSwiftPackageProductDependency;
			package = 55F838302AF405DE00E77DB1 /* XCRemoteSwiftPackageReference "firebase-ios-sdk" */;
			productName = "FirebaseFunctionsCombine-Community";
		};
		55F838532AF405DE00E77DB1 /* FirebaseInAppMessaging-Beta */ = {
			isa = XCSwiftPackageProductDependency;
			package = 55F838302AF405DE00E77DB1 /* XCRemoteSwiftPackageReference "firebase-ios-sdk" */;
			productName = "FirebaseInAppMessaging-Beta";
		};
		55F838552AF405DE00E77DB1 /* FirebaseInAppMessagingSwift-Beta */ = {
			isa = XCSwiftPackageProductDependency;
			package = 55F838302AF405DE00E77DB1 /* XCRemoteSwiftPackageReference "firebase-ios-sdk" */;
			productName = "FirebaseInAppMessagingSwift-Beta";
		};
		55F838572AF405DE00E77DB1 /* FirebaseInstallations */ = {
			isa = XCSwiftPackageProductDependency;
			package = 55F838302AF405DE00E77DB1 /* XCRemoteSwiftPackageReference "firebase-ios-sdk" */;
			productName = FirebaseInstallations;
		};
		55F838592AF405DE00E77DB1 /* FirebaseMLModelDownloader */ = {
			isa = XCSwiftPackageProductDependency;
			package = 55F838302AF405DE00E77DB1 /* XCRemoteSwiftPackageReference "firebase-ios-sdk" */;
			productName = FirebaseMLModelDownloader;
		};
		55F8385B2AF405DE00E77DB1 /* FirebaseMessaging */ = {
			isa = XCSwiftPackageProductDependency;
			package = 55F838302AF405DE00E77DB1 /* XCRemoteSwiftPackageReference "firebase-ios-sdk" */;
			productName = FirebaseMessaging;
		};
		55F8385D2AF405DE00E77DB1 /* FirebasePerformance */ = {
			isa = XCSwiftPackageProductDependency;
			package = 55F838302AF405DE00E77DB1 /* XCRemoteSwiftPackageReference "firebase-ios-sdk" */;
			productName = FirebasePerformance;
		};
		55F8385F2AF405DE00E77DB1 /* FirebaseRemoteConfig */ = {
			isa = XCSwiftPackageProductDependency;
			package = 55F838302AF405DE00E77DB1 /* XCRemoteSwiftPackageReference "firebase-ios-sdk" */;
			productName = FirebaseRemoteConfig;
		};
		55F838612AF405DE00E77DB1 /* FirebaseRemoteConfigSwift */ = {
			isa = XCSwiftPackageProductDependency;
			package = 55F838302AF405DE00E77DB1 /* XCRemoteSwiftPackageReference "firebase-ios-sdk" */;
			productName = FirebaseRemoteConfigSwift;
		};
		55F838632AF405DE00E77DB1 /* FirebaseStorage */ = {
			isa = XCSwiftPackageProductDependency;
			package = 55F838302AF405DE00E77DB1 /* XCRemoteSwiftPackageReference "firebase-ios-sdk" */;
			productName = FirebaseStorage;
		};
		55F838652AF405DE00E77DB1 /* FirebaseStorageCombine-Community */ = {
			isa = XCSwiftPackageProductDependency;
			package = 55F838302AF405DE00E77DB1 /* XCRemoteSwiftPackageReference "firebase-ios-sdk" */;
			productName = "FirebaseStorageCombine-Community";
		};
/* End XCSwiftPackageProductDependency section */
	};
	rootObject = 55C26A7C2AD561D600F6E99F /* Project object */;
}
